
Microsoft Visual Studio Solution File, Format Version 12.00
# Visual Studio Version 16
VisualStudioVersion = 16.0.31229.75
MinimumVisualStudioVersion = 10.0.40219.1
Project("{9A19103F-16F7-4668-BE54-9A1E7A4F7556}") = "CTI", "CTI.csproj", "{E333F334-A1F6-43F0-BBA8-21DA6D53DA85}"
EndProject
Global
	GlobalSection(SolutionConfigurationPlatforms) = preSolution
		Debug|Any CPU = Debug|Any CPU
		Release|Any CPU = Release|Any CPU
	EndGlobalSection
	GlobalSection(ProjectConfigurationPlatforms) = postSolution
		{E333F334-A1F6-43F0-BBA8-21DA6D53DA85}.Debug|Any CPU.ActiveCfg = Debug|Any CPU
		{E333F334-A1F6-43F0-BBA8-21DA6D53DA85}.Debug|Any CPU.Build.0 = Debug|Any CPU
		{E333F334-A1F6-43F0-BBA8-21DA6D53DA85}.Release|Any CPU.ActiveCfg = Release|Any CPU
		{E333F334-A1F6-43F0-BBA8-21DA6D53DA85}.Release|Any CPU.Build.0 = Release|Any CPU
	EndGlobalSection
	GlobalSection(SolutionProperties) = preSolution
		HideSolutionNode = FALSE
	EndGlobalSection
	GlobalSection(ExtensibilityGlobals) = postSolution
		SolutionGuid = {B2B0AE8C-2C7A-4017-B3F0-20C8B8AB1425}
	EndGlobalSection
EndGlobal
