
Microsoft Visual Studio Solution File, Format Version 12.00
# Visual Studio Version 16
VisualStudioVersion = 16.0.31229.75
MinimumVisualStudioVersion = 10.0.40219.1
Project("{9A19103F-16F7-4668-BE54-9A1E7A4F7556}") = "Conn", ".\Conn.csproj", "{14C4602B-10D8-4565-A4FB-80BC857A332B}"
EndProject
Global
	GlobalSection(SolutionConfigurationPlatforms) = preSolution
		Debug|Any CPU = Debug|Any CPU
		Release|Any CPU = Release|Any CPU
	EndGlobalSection
	GlobalSection(ProjectConfigurationPlatforms) = postSolution
		{14C4602B-10D8-4565-A4FB-80BC857A332B}.Debug|Any CPU.ActiveCfg = Debug|Any CPU
		{14C4602B-10D8-4565-A4FB-80BC857A332B}.Debug|Any CPU.Build.0 = Debug|Any CPU
		{14C4602B-10D8-4565-A4FB-80BC857A332B}.Release|Any CPU.ActiveCfg = Release|Any CPU
		{14C4602B-10D8-4565-A4FB-80BC857A332B}.Release|Any CPU.Build.0 = Release|Any CPU
	EndGlobalSection
	GlobalSection(SolutionProperties) = preSolution
		HideSolutionNode = FALSE
	EndGlobalSection
	GlobalSection(ExtensibilityGlobals) = postSolution
		SolutionGuid = {2C122D48-3266-438F-81EA-D554B964A717}
	EndGlobalSection
EndGlobal
